<Solution>
  <Project Path="src/Arlecchino.Core/Arlecchino.Core.csproj" />
  <Project Path="src/Arlecchino/Arlecchino.csproj" />
  <Project Path="src/Arlecchino.Pictures/Arlecchino.Pictures.csproj" />
  <Project Path="src/Arlecchino.Generators/Arlecchino.Generators.csproj" />
  <Folder Name="/Samples/">
    <Project Path="samples/Arlecchino.Processes/Arlecchino.Processes.csproj" />
    <Project Path="samples/Arlecchino.Sample/Arlecchino.Sample.csproj" />
  </Folder>
  <Folder Name="/Tools/">
    <Project Path="tools/Arlecchino.Tools/Arlecchino.Tools.csproj" />
  </Folder>
  <Folder Name="/Tests/">
    <Project Path="benchmarks/Arlecchino.Benchmarks/Arlecchino.Benchmarks.csproj" />
    <Project Path="src/Arlecchino.Testing/Arlecchino.Testing.csproj" />
    <Project Path="tests/Arlecchino.Tests/Arlecchino.Tests.csproj" />
  </Folder>
</Solution>
